
Microsoft Visual Studio Solution File, Format Version 12.00
# Visual Studio 15
VisualStudioVersion = 15.0.28307.168
MinimumVisualStudioVersion = 10.0.40219.1
Project("{9A19103F-16F7-4668-BE54-9A1E7A4F7556}") = "FindHeight", "FindHeight\FindHeight.csproj", "{D238EF38-39ED-4B7C-9EBA-1AA40008D1D7}"
EndProject
Project("{FAE04EC0-301F-11D3-BF4B-00C04F79EFBC}") = "TreeTest", "TreeTest\TreeTest.csproj", "{D2FD55B1-8029-48BC-A348-7800AD1D4354}"
EndProject
Global
	GlobalSection(SolutionConfigurationPlatforms) = preSolution
		Debug|Any CPU = Debug|Any CPU
		Release|Any CPU = Release|Any CPU
	EndGlobalSection
	GlobalSection(ProjectConfigurationPlatforms) = postSolution
		{D238EF38-39ED-4B7C-9EBA-1AA40008D1D7}.Debug|Any CPU.ActiveCfg = Debug|Any CPU
		{D238EF38-39ED-4B7C-9EBA-1AA40008D1D7}.Debug|Any CPU.Build.0 = Debug|Any CPU
		{D238EF38-39ED-4B7C-9EBA-1AA40008D1D7}.Release|Any CPU.ActiveCfg = Release|Any CPU
		{D238EF38-39ED-4B7C-9EBA-1AA40008D1D7}.Release|Any CPU.Build.0 = Release|Any CPU
		{D2FD55B1-8029-48BC-A348-7800AD1D4354}.Debug|Any CPU.ActiveCfg = Debug|Any CPU
		{D2FD55B1-8029-48BC-A348-7800AD1D4354}.Debug|Any CPU.Build.0 = Debug|Any CPU
		{D2FD55B1-8029-48BC-A348-7800AD1D4354}.Release|Any CPU.ActiveCfg = Release|Any CPU
		{D2FD55B1-8029-48BC-A348-7800AD1D4354}.Release|Any CPU.Build.0 = Release|Any CPU
	EndGlobalSection
	GlobalSection(SolutionProperties) = preSolution
		HideSolutionNode = FALSE
	EndGlobalSection
	GlobalSection(ExtensibilityGlobals) = postSolution
		SolutionGuid = {B6891BFF-1A8B-4616-BA28-1B386DD87A7D}
	EndGlobalSection
EndGlobal
